
Microsoft Visual Studio Solution File, Format Version 12.00
# Visual Studio Version 16
VisualStudioVersion = 16.0.31019.35
MinimumVisualStudioVersion = 10.0.40219.1
Project("{FAE04EC0-301F-11D3-BF4B-00C04F79EFBC}") = "TestWebAPI", "TestWebAPI\TestWebAPI.csproj", "{19B28082-7569-4FEE-BB72-89237B4AB32B}"
EndProject
Global
	GlobalSection(SolutionConfigurationPlatforms) = preSolution
		Debug|Any CPU = Debug|Any CPU
		Release|Any CPU = Release|Any CPU
	EndGlobalSection
	GlobalSection(ProjectConfigurationPlatforms) = postSolution
		{19B28082-7569-4FEE-BB72-89237B4AB32B}.Debug|Any CPU.ActiveCfg = Debug|Any CPU
		{19B28082-7569-4FEE-BB72-89237B4AB32B}.Debug|Any CPU.Build.0 = Debug|Any CPU
		{19B28082-7569-4FEE-BB72-89237B4AB32B}.Release|Any CPU.ActiveCfg = Release|Any CPU
		{19B28082-7569-4FEE-BB72-89237B4AB32B}.Release|Any CPU.Build.0 = Release|Any CPU
	EndGlobalSection
	GlobalSection(SolutionProperties) = preSolution
		HideSolutionNode = FALSE
	EndGlobalSection
	GlobalSection(ExtensibilityGlobals) = postSolution
		SolutionGuid = {A5FFF5D9-1017-4495-A1E7-24D6D6562F19}
	EndGlobalSection
EndGlobal
